// !$*UTF8*$!
{
	archiveVersion = 1;
	classes = {
	};
	objectVersion = 48;
	objects = {

/* Begin PBXBuildFile section */
		BDC19606203EB91100865AB9 /* AppDelegate.swift in Sources */ = {isa = PBXBuildFile; fileRef = BDC19605203EB91100865AB9 /* AppDelegate.swift */; };
		BDC1960B203EB91100865AB9 /* Main.storyboard in Resources */ = {isa = PBXBuildFile; fileRef = BDC19609203EB91100865AB9 /* Main.storyboard */; };
		BDC1960D203EB91100865AB9 /* Assets.xcassets in Resources */ = {isa = PBXBuildFile; fileRef = BDC1960C203EB91100865AB9 /* Assets.xcassets */; };
		BDC19610203EB91100865AB9 /* LaunchScreen.storyboard in Resources */ = {isa = PBXBuildFile; fileRef = BDC1960E203EB91100865AB9 /* LaunchScreen.storyboard */; };
		BDC19619203EB94A00865AB9 /* SketchViewController.swift in Sources */ = {isa = PBXBuildFile; fileRef = BDC19618203EB94A00865AB9 /* SketchViewController.swift */; };
		BDC1961C203EB96F00865AB9 /* SketchView.swift in Sources */ = {isa = PBXBuildFile; fileRef = BDC1961B203EB96F00865AB9 /* SketchView.swift */; };
/* End PBXBuildFile section */

/* Begin PBXFileReference section */
		BDC19602203EB91100865AB9 /* ForceSketch-Refactoring.app */ = {isa = PBXFileReference; explicitFileType = wrapper.application; includeInIndex = 0; path = "ForceSketch-Refactoring.app"; sourceTree = BUILT_PRODUCTS_DIR; };
		BDC19605203EB91100865AB9 /* AppDelegate.swift */ = {isa = PBXFileReference; lastKnownFileType = sourcecode.swift; path = AppDelegate.swift; sourceTree = "<group>"; };
		BDC1960A203EB91100865AB9 /* Base */ = {isa = PBXFileReference; lastKnownFileType = file.storyboard; name = Base; path = Base.lproj/Main.storyboard; sourceTree = "<group>"; };
		BDC1960C203EB91100865AB9 /* Assets.xcassets */ = {isa = PBXFileReference; lastKnownFileType = folder.assetcatalog; path = Assets.xcassets; sourceTree = "<group>"; };
		BDC1960F203EB91100865AB9 /* Base */ = {isa = PBXFileReference; lastKnownFileType = file.storyboard; name = Base; path = Base.lproj/LaunchScreen.storyboard; sourceTree = "<group>"; };
		BDC19611203EB91100865AB9 /* Info.plist */ = {isa = PBXFileReference; lastKnownFileType = text.plist.xml; path = Info.plist; sourceTree = "<group>"; };
		BDC19618203EB94A00865AB9 /* SketchViewController.swift */ = {isa = PBXFileReference; lastKnownFileType = sourcecode.swift; path = SketchViewController.swift; sourceTree = "<group>"; };
		BDC1961B203EB96F00865AB9 /* SketchView.swift */ = {isa = PBXFileReference; lastKnownFileType = sourcecode.swift; path = SketchView.swift; sourceTree = "<group>"; };
/* End PBXFileReference section */

/* Begin PBXFrameworksBuildPhase section */
		BDC195FF203EB91100865AB9 /* Frameworks */ = {
			isa = PBXFrameworksBuildPhase;
			buildActionMask = 2147483647;
			files = (
			);
			runOnlyForDeploymentPostprocessing = 0;
		};
/* End PBXFrameworksBuildPhase section */

/* Begin PBXGroup section */
		BDC195F9203EB91000865AB9 = {
			isa = PBXGroup;
			children = (
				BDC19604203EB91100865AB9 /* ForceSketch-Refactoring */,
				BDC19603203EB91100865AB9 /* Products */,
			);
			sourceTree = "<group>";
		};
		BDC19603203EB91100865AB9 /* Products */ = {
			isa = PBXGroup;
			children = (
				BDC19602203EB91100865AB9 /* ForceSketch-Refactoring.app */,
			);
			name = Products;
			sourceTree = "<group>";
		};
		BDC19604203EB91100865AB9 /* ForceSketch-Refactoring */ = {
			isa = PBXGroup;
			children = (
				BDC1961A203EB95000865AB9 /* Views */,
				BDC19617203EB91D00865AB9 /* ViewControllers */,
				BDC19605203EB91100865AB9 /* AppDelegate.swift */,
				BDC19609203EB91100865AB9 /* Main.storyboard */,
				BDC1960C203EB91100865AB9 /* Assets.xcassets */,
				BDC1960E203EB91100865AB9 /* LaunchScreen.storyboard */,
				BDC19611203EB91100865AB9 /* Info.plist */,
			);
			path = "ForceSketch-Refactoring";
			sourceTree = "<group>";
		};
		BDC19617203EB91D00865AB9 /* ViewControllers */ = {
			isa = PBXGroup;
			children = (
				BDC19618203EB94A00865AB9 /* SketchViewController.swift */,
			);
			path = ViewControllers;
			sourceTree = "<group>";
		};
		BDC1961A203EB95000865AB9 /* Views */ = {
			isa = PBXGroup;
			children = (
				BDC1961B203EB96F00865AB9 /* SketchView.swift */,
			);
			path = Views;
			sourceTree = "<group>";
		};
/* End PBXGroup section */

/* Begin PBXNativeTarget section */
		BDC19601203EB91100865AB9 /* ForceSketch-Refactoring */ = {
			isa = PBXNativeTarget;
			buildConfigurationList = BDC19614203EB91100865AB9 /* Build configuration list for PBXNativeTarget "ForceSketch-Refactoring" */;
			buildPhases = (
				BDC195FE203EB91100865AB9 /* Sources */,
				BDC195FF203EB91100865AB9 /* Frameworks */,
				BDC19600203EB91100865AB9 /* Resources */,
			);
			buildRules = (
			);
			dependencies = (
			);
			name = "ForceSketch-Refactoring";
			productName = "ForceSketch-Refactoring";
			productReference = BDC19602203EB91100865AB9 /* ForceSketch-Refactoring.app */;
			productType = "com.apple.product-type.application";
		};
/* End PBXNativeTarget section */

/* Begin PBXProject section */
		BDC195FA203EB91000865AB9 /* Project object */ = {
			isa = PBXProject;
			attributes = {
				LastSwiftUpdateCheck = 0920;
				LastUpgradeCheck = 0920;
				ORGANIZATIONNAME = toosaa;
				TargetAttributes = {
					BDC19601203EB91100865AB9 = {
						CreatedOnToolsVersion = 9.2;
						ProvisioningStyle = Automatic;
					};
				};
			};
			buildConfigurationList = BDC195FD203EB91000865AB9 /* Build configuration list for PBXProject "ForceSketch-Refactoring" */;
			compatibilityVersion = "Xcode 8.0";
			developmentRegion = en;
			hasScannedForEncodings = 0;
			knownRegions = (
				en,
				Base,
			);
			mainGroup = BDC195F9203EB91000865AB9;
			productRefGroup = BDC19603203EB91100865AB9 /* Products */;
			projectDirPath = "";
			projectRoot = "";
			targets = (
				BDC19601203EB91100865AB9 /* ForceSketch-Refactoring */,
			);
		};
/* End PBXProject section */

/* Begin PBXResourcesBuildPhase section */
		BDC19600203EB91100865AB9 /* Resources */ = {
			isa = PBXResourcesBuildPhase;
			buildActionMask = 2147483647;
			files = (
				BDC19610203EB91100865AB9 /* LaunchScreen.storyboard in Resources */,
				BDC1960D203EB91100865AB9 /* Assets.xcassets in Resources */,
				BDC1960B203EB91100865AB9 /* Main.storyboard in Resources */,
			);
			runOnlyForDeploymentPostprocessing = 0;
		};
/* End PBXResourcesBuildPhase section */

/* Begin PBXSourcesBuildPhase section */
		BDC195FE203EB91100865AB9 /* Sources */ = {
			isa = PBXSourcesBuildPhase;
			buildActionMask = 2147483647;
			files = (
				BDC1961C203EB96F00865AB9 /* SketchView.swift in Sources */,
				BDC19619203EB94A00865AB9 /* SketchViewController.swift in Sources */,
				BDC19606203EB91100865AB9 /* AppDelegate.swift in Sources */,
			);
			runOnlyForDeploymentPostprocessing = 0;
		};
/* End PBXSourcesBuildPhase section */

/* Begin PBXVariantGroup section */
		BDC19609203EB91100865AB9 /* Main.storyboard */ = {
			isa = PBXVariantGroup;
			children = (
				BDC1960A203EB91100865AB9 /* Base */,
			);
			name = Main.storyboard;
			sourceTree = "<group>";
		};
		BDC1960E203EB91100865AB9 /* LaunchScreen.storyboard */ = {
			isa = PBXVariantGroup;
			children = (
				BDC1960F203EB91100865AB9 /* Base */,
			);
			name = LaunchScreen.storyboard;
			sourceTree = "<group>";
		};
/* End PBXVariantGroup section */

/* Begin XCBuildConfiguration section */
		BDC19612203EB91100865AB9 /* Debug */ = {
			isa = XCBuildConfiguration;
			buildSettings = {
				ALWAYS_SEARCH_USER_PATHS = NO;
				CLANG_ANALYZER_NONNULL = YES;
				CLANG_ANALYZER_NUMBER_OBJECT_CONVERSION = YES_AGGRESSIVE;
				CLANG_CXX_LANGUAGE_STANDARD = "gnu++14";
				CLANG_CXX_LIBRARY = "libc++";
				CLANG_ENABLE_MODULES = YES;
				CLANG_ENABLE_OBJC_ARC = YES;
				CLANG_WARN_BLOCK_CAPTURE_AUTORELEASING = YES;
				CLANG_WARN_BOOL_CONVERSION = YES;
				CLANG_WARN_COMMA = YES;
				CLANG_WARN_CONSTANT_CONVERSION = YES;
				CLANG_WARN_DIRECT_OBJC_ISA_USAGE = YES_ERROR;
				CLANG_WARN_DOCUMENTATION_COMMENTS = YES;
				CLANG_WARN_EMPTY_BODY = YES;
				CLANG_WARN_ENUM_CONVERSION = YES;
				CLANG_WARN_INFINITE_RECURSION = YES;
				CLANG_WARN_INT_CONVERSION = YES;
				CLANG_WARN_NON_LITERAL_NULL_CONVERSION = YES;
				CLANG_WARN_OBJC_LITERAL_CONVERSION = YES;
				CLANG_WARN_OBJC_ROOT_CLASS = YES_ERROR;
				CLANG_WARN_RANGE_LOOP_ANALYSIS = YES;
				CLANG_WARN_STRICT_PROTOTYPES = YES;
				CLANG_WARN_SUSPICIOUS_MOVE = YES;
				CLANG_WARN_UNGUARDED_AVAILABILITY = YES_AGGRESSIVE;
				CLANG_WARN_UNREACHABLE_CODE = YES;
				CLANG_WARN__DUPLICATE_METHOD_MATCH = YES;
				CODE_SIGN_IDENTITY = "iPhone Developer";
				COPY_PHASE_STRIP = NO;
				DEBUG_INFORMATION_FORMAT = dwarf;
				ENABLE_STRICT_OBJC_MSGSEND = YES;
				ENABLE_TESTABILITY = YES;
				GCC_C_LANGUAGE_STANDARD = gnu11;
				GCC_DYNAMIC_NO_PIC = NO;
				GCC_NO_COMMON_BLOCKS = YES;
				GCC_OPTIMIZATION_LEVEL = 0;
				GCC_PREPROCESSOR_DEFINITIONS = (
					"DEBUG=1",
					"$(inherited)",
				);
				GCC_WARN_64_TO_32_BIT_CONVERSION = YES;
				GCC_WARN_ABOUT_RETURN_TYPE = YES_ERROR;
				GCC_WARN_UNDECLARED_SELECTOR = YES;
				GCC_WARN_UNINITIALIZED_AUTOS = YES_AGGRESSIVE;
				GCC_WARN_UNUSED_FUNCTION = YES;
				GCC_WARN_UNUSED_VARIABLE = YES;
				IPHONEOS_DEPLOYMENT_TARGET = 11.2;
				MTL_ENABLE_DEBUG_INFO = YES;
				ONLY_ACTIVE_ARCH = YES;
				SDKROOT = iphoneos;
				SWIFT_ACTIVE_COMPILATION_CONDITIONS = DEBUG;
				SWIFT_OPTIMIZATION_LEVEL = "-Onone";
			};
			name = Debug;
		};
		BDC19613203EB91100865AB9 /* Release */ = {
			isa = XCBuildConfiguration;
			buildSettings = {
				ALWAYS_SEARCH_USER_PATHS = NO;
				CLANG_ANALYZER_NONNULL = YES;
				CLANG_ANALYZER_NUMBER_OBJECT_CONVERSION = YES_AGGRESSIVE;
				CLANG_CXX_LANGUAGE_STANDARD = "gnu++14";
				CLANG_CXX_LIBRARY = "libc++";
				CLANG_ENABLE_MODULES = YES;
				CLANG_ENABLE_OBJC_ARC = YES;
				CLANG_WARN_BLOCK_CAPTURE_AUTORELEASING = YES;
				CLANG_WARN_BOOL_CONVERSION = YES;
				CLANG_WARN_COMMA = YES;
				CLANG_WARN_CONSTANT_CONVERSION = YES;
				CLANG_WARN_DIRECT_OBJC_ISA_USAGE = YES_ERROR;
				CLANG_WARN_DOCUMENTATION_COMMENTS = YES;
				CLANG_WARN_EMPTY_BODY = YES;
				CLANG_WARN_ENUM_CONVERSION = YES;
				CLANG_WARN_INFINITE_RECURSION = YES;
				CLANG_WARN_INT_CONVERSION = YES;
				CLANG_WARN_NON_LITERAL_NULL_CONVERSION = YES;
				CLANG_WARN_OBJC_LITERAL_CONVERSION = YES;
				CLANG_WARN_OBJC_ROOT_CLASS = YES_ERROR;
				CLANG_WARN_RANGE_LOOP_ANALYSIS = YES;
				CLANG_WARN_STRICT_PROTOTYPES = YES;
				CLANG_WARN_SUSPICIOUS_MOVE = YES;
				CLANG_WARN_UNGUARDED_AVAILABILITY = YES_AGGRESSIVE;
				CLANG_WARN_UNREACHABLE_CODE = YES;
				CLANG_WARN__DUPLICATE_METHOD_MATCH = YES;
				CODE_SIGN_IDENTITY = "iPhone Developer";
				COPY_PHASE_STRIP = NO;
				DEBUG_INFORMATION_FORMAT = "dwarf-with-dsym";
				ENABLE_NS_ASSERTIONS = NO;
				ENABLE_STRICT_OBJC_MSGSEND = YES;
				GCC_C_LANGUAGE_STANDARD = gnu11;
				GCC_NO_COMMON_BLOCKS = YES;
				GCC_WARN_64_TO_32_BIT_CONVERSION = YES;
				GCC_WARN_ABOUT_RETURN_TYPE = YES_ERROR;
				GCC_WARN_UNDECLARED_SELECTOR = YES;
				GCC_WARN_UNINITIALIZED_AUTOS = YES_AGGRESSIVE;
				GCC_WARN_UNUSED_FUNCTION = YES;
				GCC_WARN_UNUSED_VARIABLE = YES;
				IPHONEOS_DEPLOYMENT_TARGET = 11.2;
				MTL_ENABLE_DEBUG_INFO = NO;
				SDKROOT = iphoneos;
				SWIFT_OPTIMIZATION_LEVEL = "-Owholemodule";
				VALIDATE_PRODUCT = YES;
			};
			name = Release;
		};
		BDC19615203EB91100865AB9 /* Debug */ = {
			isa = XCBuildConfiguration;
			buildSettings = {
				ASSETCATALOG_COMPILER_APPICON_NAME = AppIcon;
				CODE_SIGN_STYLE = Automatic;
				DEVELOPMENT_TEAM = 62B42V52L5;
				INFOPLIST_FILE = "ForceSketch-Refactoring/Info.plist";
				LD_RUNPATH_SEARCH_PATHS = "$(inherited) @executable_path/Frameworks";
				PRODUCT_BUNDLE_IDENTIFIER = "net.toosaa.ForceSketch-Refactoring";
				PRODUCT_NAME = "$(TARGET_NAME)";
				SWIFT_VERSION = 4.0;
				TARGETED_DEVICE_FAMILY = "1,2";
			};
			name = Debug;
		};
		BDC19616203EB91100865AB9 /* Release */ = {
			isa = XCBuildConfiguration;
			buildSettings = {
				ASSETCATALOG_COMPILER_APPICON_NAME = AppIcon;
				CODE_SIGN_STYLE = Automatic;
				DEVELOPMENT_TEAM = 62B42V52L5;
				INFOPLIST_FILE = "ForceSketch-Refactoring/Info.plist";
				LD_RUNPATH_SEARCH_PATHS = "$(inherited) @executable_path/Frameworks";
				PRODUCT_BUNDLE_IDENTIFIER = "net.toosaa.ForceSketch-Refactoring";
				PRODUCT_NAME = "$(TARGET_NAME)";
				SWIFT_VERSION = 4.0;
				TARGETED_DEVICE_FAMILY = "1,2";
			};
			name = Release;
		};
/* End XCBuildConfiguration section */

/* Begin XCConfigurationList section */
		BDC195FD203EB91000865AB9 /* Build configuration list for PBXProject "ForceSketch-Refactoring" */ = {
			isa = XCConfigurationList;
			buildConfigurations = (
				BDC19612203EB91100865AB9 /* Debug */,
				BDC19613203EB91100865AB9 /* Release */,
			);
			defaultConfigurationIsVisible = 0;
			defaultConfigurationName = Release;
		};
		BDC19614203EB91100865AB9 /* Build configuration list for PBXNativeTarget "ForceSketch-Refactoring" */ = {
			isa = XCConfigurationList;
			buildConfigurations = (
				BDC19615203EB91100865AB9 /* Debug */,
				BDC19616203EB91100865AB9 /* Release */,
			);
			defaultConfigurationIsVisible = 0;
			defaultConfigurationName = Release;
		};
/* End XCConfigurationList section */
	};
	rootObject = BDC195FA203EB91000865AB9 /* Project object */;
}
